
Microsoft Visual Studio Solution File, Format Version 12.00
# Visual Studio 15
VisualStudioVersion = 15.0.27703.2035
MinimumVisualStudioVersion = 10.0.40219.1
Project("{FAE04EC0-301F-11D3-BF4B-00C04F79EFBC}") = "HelixK1.Android", "HelixK1\HelixK1.Android\HelixK1.Android.csproj", "{7668A6BA-8A57-4D12-8230-3FE8899E3EB7}"
EndProject
Project("{FAE04EC0-301F-11D3-BF4B-00C04F79EFBC}") = "HelixK1.iOS", "HelixK1\HelixK1.iOS\HelixK1.iOS.csproj", "{3388F3B6-1635-425F-B68F-F99163AB5BCE}"
EndProject
Project("{9A19103F-16F7-4668-BE54-9A1E7A4F7556}") = "HelixK1", "HelixK1\HelixK1\HelixK1.csproj", "{3D7F3645-2864-48DC-8E6B-5808BB41E436}"
EndProject
Project("{9A19103F-16F7-4668-BE54-9A1E7A4F7556}") = "HelixK1.UITests", "HelixK1.UITests\HelixK1.UITests.csproj", "{935F6DCA-1FD5-423E-9304-39B8845D9CFC}"
EndProject
Global
	GlobalSection(SolutionConfigurationPlatforms) = preSolution
		Ad-Hoc|Any CPU = Ad-Hoc|Any CPU
		Ad-Hoc|iPhone = Ad-Hoc|iPhone
		Ad-Hoc|iPhoneSimulator = Ad-Hoc|iPhoneSimulator
		AppStore|Any CPU = AppStore|Any CPU
		AppStore|iPhone = AppStore|iPhone
		AppStore|iPhoneSimulator = AppStore|iPhoneSimulator
		Debug|Any CPU = Debug|Any CPU
		Debug|iPhone = Debug|iPhone
		Debug|iPhoneSimulator = Debug|iPhoneSimulator
		Release|Any CPU = Release|Any CPU
		Release|iPhone = Release|iPhone
		Release|iPhoneSimulator = Release|iPhoneSimulator
	EndGlobalSection
	GlobalSection(ProjectConfigurationPlatforms) = postSolution
		{7668A6BA-8A57-4D12-8230-3FE8899E3EB7}.Ad-Hoc|Any CPU.ActiveCfg = Release|Any CPU
		{7668A6BA-8A57-4D12-8230-3FE8899E3EB7}.Ad-Hoc|Any CPU.Build.0 = Release|Any CPU
		{7668A6BA-8A57-4D12-8230-3FE8899E3EB7}.Ad-Hoc|Any CPU.Deploy.0 = Release|Any CPU
		{7668A6BA-8A57-4D12-8230-3FE8899E3EB7}.Ad-Hoc|iPhone.ActiveCfg = Release|Any CPU
		{7668A6BA-8A57-4D12-8230-3FE8899E3EB7}.Ad-Hoc|iPhone.Build.0 = Release|Any CPU
		{7668A6BA-8A57-4D12-8230-3FE8899E3EB7}.Ad-Hoc|iPhone.Deploy.0 = Release|Any CPU
		{7668A6BA-8A57-4D12-8230-3FE8899E3EB7}.Ad-Hoc|iPhoneSimulator.ActiveCfg = Release|Any CPU
		{7668A6BA-8A57-4D12-8230-3FE8899E3EB7}.Ad-Hoc|iPhoneSimulator.Build.0 = Release|Any CPU
		{7668A6BA-8A57-4D12-8230-3FE8899E3EB7}.Ad-Hoc|iPhoneSimulator.Deploy.0 = Release|Any CPU
		{7668A6BA-8A57-4D12-8230-3FE8899E3EB7}.AppStore|Any CPU.ActiveCfg = Release|Any CPU
		{7668A6BA-8A57-4D12-8230-3FE8899E3EB7}.AppStore|Any CPU.Build.0 = Release|Any CPU
		{7668A6BA-8A57-4D12-8230-3FE8899E3EB7}.AppStore|Any CPU.Deploy.0 = Release|Any CPU
		{7668A6BA-8A57-4D12-8230-3FE8899E3EB7}.AppStore|iPhone.ActiveCfg = Release|Any CPU
		{7668A6BA-8A57-4D12-8230-3FE8899E3EB7}.AppStore|iPhone.Build.0 = Release|Any CPU
		{7668A6BA-8A57-4D12-8230-3FE8899E3EB7}.AppStore|iPhone.Deploy.0 = Release|Any CPU
		{7668A6BA-8A57-4D12-8230-3FE8899E3EB7}.AppStore|iPhoneSimulator.ActiveCfg = Release|Any CPU
		{7668A6BA-8A57-4D12-8230-3FE8899E3EB7}.AppStore|iPhoneSimulator.Build.0 = Release|Any CPU
		{7668A6BA-8A57-4D12-8230-3FE8899E3EB7}.AppStore|iPhoneSimulator.Deploy.0 = Release|Any CPU
		{7668A6BA-8A57-4D12-8230-3FE8899E3EB7}.Debug|Any CPU.ActiveCfg = Debug|Any CPU
		{7668A6BA-8A57-4D12-8230-3FE8899E3EB7}.Debug|Any CPU.Build.0 = Debug|Any CPU
		{7668A6BA-8A57-4D12-8230-3FE8899E3EB7}.Debug|Any CPU.Deploy.0 = Debug|Any CPU
		{7668A6BA-8A57-4D12-8230-3FE8899E3EB7}.Debug|iPhone.ActiveCfg = Debug|Any CPU
		{7668A6BA-8A57-4D12-8230-3FE8899E3EB7}.Debug|iPhone.Build.0 = Debug|Any CPU
		{7668A6BA-8A57-4D12-8230-3FE8899E3EB7}.Debug|iPhone.Deploy.0 = Debug|Any CPU
		{7668A6BA-8A57-4D12-8230-3FE8899E3EB7}.Debug|iPhoneSimulator.ActiveCfg = Debug|Any CPU
		{7668A6BA-8A57-4D12-8230-3FE8899E3EB7}.Debug|iPhoneSimulator.Build.0 = Debug|Any CPU
		{7668A6BA-8A57-4D12-8230-3FE8899E3EB7}.Debug|iPhoneSimulator.Deploy.0 = Debug|Any CPU
		{7668A6BA-8A57-4D12-8230-3FE8899E3EB7}.Release|Any CPU.ActiveCfg = Release|Any CPU
		{7668A6BA-8A57-4D12-8230-3FE8899E3EB7}.Release|Any CPU.Build.0 = Release|Any CPU
		{7668A6BA-8A57-4D12-8230-3FE8899E3EB7}.Release|Any CPU.Deploy.0 = Release|Any CPU
		{7668A6BA-8A57-4D12-8230-3FE8899E3EB7}.Release|iPhone.ActiveCfg = Release|Any CPU
		{7668A6BA-8A57-4D12-8230-3FE8899E3EB7}.Release|iPhone.Build.0 = Release|Any CPU
		{7668A6BA-8A57-4D12-8230-3FE8899E3EB7}.Release|iPhone.Deploy.0 = Release|Any CPU
		{7668A6BA-8A57-4D12-8230-3FE8899E3EB7}.Release|iPhoneSimulator.ActiveCfg = Release|Any CPU
		{7668A6BA-8A57-4D12-8230-3FE8899E3EB7}.Release|iPhoneSimulator.Build.0 = Release|Any CPU
		{7668A6BA-8A57-4D12-8230-3FE8899E3EB7}.Release|iPhoneSimulator.Deploy.0 = Release|Any CPU
		{3388F3B6-1635-425F-B68F-F99163AB5BCE}.Ad-Hoc|Any CPU.ActiveCfg = Ad-Hoc|iPhone
		{3388F3B6-1635-425F-B68F-F99163AB5BCE}.Ad-Hoc|Any CPU.Build.0 = Ad-Hoc|iPhone
		{3388F3B6-1635-425F-B68F-F99163AB5BCE}.Ad-Hoc|Any CPU.Deploy.0 = Ad-Hoc|iPhone
		{3388F3B6-1635-425F-B68F-F99163AB5BCE}.Ad-Hoc|iPhone.ActiveCfg = Ad-Hoc|iPhone
		{3388F3B6-1635-425F-B68F-F99163AB5BCE}.Ad-Hoc|iPhone.Build.0 = Ad-Hoc|iPhone
		{3388F3B6-1635-425F-B68F-F99163AB5BCE}.Ad-Hoc|iPhone.Deploy.0 = Ad-Hoc|iPhone
		{3388F3B6-1635-425F-B68F-F99163AB5BCE}.Ad-Hoc|iPhoneSimulator.ActiveCfg = Ad-Hoc|iPhoneSimulator
		{3388F3B6-1635-425F-B68F-F99163AB5BCE}.Ad-Hoc|iPhoneSimulator.Build.0 = Ad-Hoc|iPhoneSimulator
		{3388F3B6-1635-425F-B68F-F99163AB5BCE}.Ad-Hoc|iPhoneSimulator.Deploy.0 = Ad-Hoc|iPhoneSimulator
		{3388F3B6-1635-425F-B68F-F99163AB5BCE}.AppStore|Any CPU.ActiveCfg = AppStore|iPhone
		{3388F3B6-1635-425F-B68F-F99163AB5BCE}.AppStore|Any CPU.Build.0 = AppStore|iPhone
		{3388F3B6-1635-425F-B68F-F99163AB5BCE}.AppStore|Any CPU.Deploy.0 = AppStore|iPhone
		{3388F3B6-1635-425F-B68F-F99163AB5BCE}.AppStore|iPhone.ActiveCfg = AppStore|iPhone
		{3388F3B6-1635-425F-B68F-F99163AB5BCE}.AppStore|iPhone.Build.0 = AppStore|iPhone
		{3388F3B6-1635-425F-B68F-F99163AB5BCE}.AppStore|iPhone.Deploy.0 = AppStore|iPhone
		{3388F3B6-1635-425F-B68F-F99163AB5BCE}.AppStore|iPhoneSimulator.ActiveCfg = AppStore|iPhoneSimulator
		{3388F3B6-1635-425F-B68F-F99163AB5BCE}.AppStore|iPhoneSimulator.Build.0 = AppStore|iPhoneSimulator
		{3388F3B6-1635-425F-B68F-F99163AB5BCE}.AppStore|iPhoneSimulator.Deploy.0 = AppStore|iPhoneSimulator
		{3388F3B6-1635-425F-B68F-F99163AB5BCE}.Debug|Any CPU.ActiveCfg = Debug|iPhoneSimulator
		{3388F3B6-1635-425F-B68F-F99163AB5BCE}.Debug|Any CPU.Build.0 = Debug|iPhoneSimulator
		{3388F3B6-1635-425F-B68F-F99163AB5BCE}.Debug|Any CPU.Deploy.0 = Debug|iPhoneSimulator
		{3388F3B6-1635-425F-B68F-F99163AB5BCE}.Debug|iPhone.ActiveCfg = Debug|iPhone
		{3388F3B6-1635-425F-B68F-F99163AB5BCE}.Debug|iPhone.Build.0 = Debug|iPhone
		{3388F3B6-1635-425F-B68F-F99163AB5BCE}.Debug|iPhone.Deploy.0 = Debug|iPhone
		{3388F3B6-1635-425F-B68F-F99163AB5BCE}.Debug|iPhoneSimulator.ActiveCfg = Debug|iPhoneSimulator
		{3388F3B6-1635-425F-B68F-F99163AB5BCE}.Debug|iPhoneSimulator.Build.0 = Debug|iPhoneSimulator
		{3388F3B6-1635-425F-B68F-F99163AB5BCE}.Debug|iPhoneSimulator.Deploy.0 = Debug|iPhoneSimulator
		{3388F3B6-1635-425F-B68F-F99163AB5BCE}.Release|Any CPU.ActiveCfg = Release|iPhone
		{3388F3B6-1635-425F-B68F-F99163AB5BCE}.Release|Any CPU.Build.0 = Release|iPhone
		{3388F3B6-1635-425F-B68F-F99163AB5BCE}.Release|Any CPU.Deploy.0 = Release|iPhone
		{3388F3B6-1635-425F-B68F-F99163AB5BCE}.Release|iPhone.ActiveCfg = Release|iPhone
		{3388F3B6-1635-425F-B68F-F99163AB5BCE}.Release|iPhone.Build.0 = Release|iPhone
		{3388F3B6-1635-425F-B68F-F99163AB5BCE}.Release|iPhone.Deploy.0 = Release|iPhone
		{3388F3B6-1635-425F-B68F-F99163AB5BCE}.Release|iPhoneSimulator.ActiveCfg = Release|iPhoneSimulator
		{3388F3B6-1635-425F-B68F-F99163AB5BCE}.Release|iPhoneSimulator.Build.0 = Release|iPhoneSimulator
		{3388F3B6-1635-425F-B68F-F99163AB5BCE}.Release|iPhoneSimulator.Deploy.0 = Release|iPhoneSimulator
		{3D7F3645-2864-48DC-8E6B-5808BB41E436}.Ad-Hoc|Any CPU.ActiveCfg = Debug|Any CPU
		{3D7F3645-2864-48DC-8E6B-5808BB41E436}.Ad-Hoc|Any CPU.Build.0 = Debug|Any CPU
		{3D7F3645-2864-48DC-8E6B-5808BB41E436}.Ad-Hoc|Any CPU.Deploy.0 = Debug|Any CPU
		{3D7F3645-2864-48DC-8E6B-5808BB41E436}.Ad-Hoc|iPhone.ActiveCfg = Debug|Any CPU
		{3D7F3645-2864-48DC-8E6B-5808BB41E436}.Ad-Hoc|iPhone.Build.0 = Debug|Any CPU
		{3D7F3645-2864-48DC-8E6B-5808BB41E436}.Ad-Hoc|iPhone.Deploy.0 = Debug|Any CPU
		{3D7F3645-2864-48DC-8E6B-5808BB41E436}.Ad-Hoc|iPhoneSimulator.ActiveCfg = Debug|Any CPU
		{3D7F3645-2864-48DC-8E6B-5808BB41E436}.Ad-Hoc|iPhoneSimulator.Build.0 = Debug|Any CPU
		{3D7F3645-2864-48DC-8E6B-5808BB41E436}.Ad-Hoc|iPhoneSimulator.Deploy.0 = Debug|Any CPU
		{3D7F3645-2864-48DC-8E6B-5808BB41E436}.AppStore|Any CPU.ActiveCfg = Debug|Any CPU
		{3D7F3645-2864-48DC-8E6B-5808BB41E436}.AppStore|Any CPU.Build.0 = Debug|Any CPU
		{3D7F3645-2864-48DC-8E6B-5808BB41E436}.AppStore|Any CPU.Deploy.0 = Debug|Any CPU
		{3D7F3645-2864-48DC-8E6B-5808BB41E436}.AppStore|iPhone.ActiveCfg = Debug|Any CPU
		{3D7F3645-2864-48DC-8E6B-5808BB41E436}.AppStore|iPhone.Build.0 = Debug|Any CPU
		{3D7F3645-2864-48DC-8E6B-5808BB41E436}.AppStore|iPhone.Deploy.0 = Debug|Any CPU
		{3D7F3645-2864-48DC-8E6B-5808BB41E436}.AppStore|iPhoneSimulator.ActiveCfg = Debug|Any CPU
		{3D7F3645-2864-48DC-8E6B-5808BB41E436}.AppStore|iPhoneSimulator.Build.0 = Debug|Any CPU
		{3D7F3645-2864-48DC-8E6B-5808BB41E436}.AppStore|iPhoneSimulator.Deploy.0 = Debug|Any CPU
		{3D7F3645-2864-48DC-8E6B-5808BB41E436}.Debug|Any CPU.ActiveCfg = Debug|Any CPU
		{3D7F3645-2864-48DC-8E6B-5808BB41E436}.Debug|Any CPU.Build.0 = Debug|Any CPU
		{3D7F3645-2864-48DC-8E6B-5808BB41E436}.Debug|Any CPU.Deploy.0 = Debug|Any CPU
		{3D7F3645-2864-48DC-8E6B-5808BB41E436}.Debug|iPhone.ActiveCfg = Debug|Any CPU
		{3D7F3645-2864-48DC-8E6B-5808BB41E436}.Debug|iPhone.Build.0 = Debug|Any CPU
		{3D7F3645-2864-48DC-8E6B-5808BB41E436}.Debug|iPhone.Deploy.0 = Debug|Any CPU
		{3D7F3645-2864-48DC-8E6B-5808BB41E436}.Debug|iPhoneSimulator.ActiveCfg = Debug|Any CPU
		{3D7F3645-2864-48DC-8E6B-5808BB41E436}.Debug|iPhoneSimulator.Build.0 = Debug|Any CPU
		{3D7F3645-2864-48DC-8E6B-5808BB41E436}.Debug|iPhoneSimulator.Deploy.0 = Debug|Any CPU
		{3D7F3645-2864-48DC-8E6B-5808BB41E436}.Release|Any CPU.ActiveCfg = Release|Any CPU
		{3D7F3645-2864-48DC-8E6B-5808BB41E436}.Release|Any CPU.Build.0 = Release|Any CPU
		{3D7F3645-2864-48DC-8E6B-5808BB41E436}.Release|Any CPU.Deploy.0 = Release|Any CPU
		{3D7F3645-2864-48DC-8E6B-5808BB41E436}.Release|iPhone.ActiveCfg = Release|Any CPU
		{3D7F3645-2864-48DC-8E6B-5808BB41E436}.Release|iPhone.Build.0 = Release|Any CPU
		{3D7F3645-2864-48DC-8E6B-5808BB41E436}.Release|iPhone.Deploy.0 = Release|Any CPU
		{3D7F3645-2864-48DC-8E6B-5808BB41E436}.Release|iPhoneSimulator.ActiveCfg = Release|Any CPU
		{3D7F3645-2864-48DC-8E6B-5808BB41E436}.Release|iPhoneSimulator.Build.0 = Release|Any CPU
		{3D7F3645-2864-48DC-8E6B-5808BB41E436}.Release|iPhoneSimulator.Deploy.0 = Release|Any CPU
		{935F6DCA-1FD5-423E-9304-39B8845D9CFC}.Ad-Hoc|Any CPU.ActiveCfg = Debug|Any CPU
		{935F6DCA-1FD5-423E-9304-39B8845D9CFC}.Ad-Hoc|Any CPU.Build.0 = Debug|Any CPU
		{935F6DCA-1FD5-423E-9304-39B8845D9CFC}.Ad-Hoc|iPhone.ActiveCfg = Debug|Any CPU
		{935F6DCA-1FD5-423E-9304-39B8845D9CFC}.Ad-Hoc|iPhone.Build.0 = Debug|Any CPU
		{935F6DCA-1FD5-423E-9304-39B8845D9CFC}.Ad-Hoc|iPhoneSimulator.ActiveCfg = Debug|Any CPU
		{935F6DCA-1FD5-423E-9304-39B8845D9CFC}.Ad-Hoc|iPhoneSimulator.Build.0 = Debug|Any CPU
		{935F6DCA-1FD5-423E-9304-39B8845D9CFC}.AppStore|Any CPU.ActiveCfg = Debug|Any CPU
		{935F6DCA-1FD5-423E-9304-39B8845D9CFC}.AppStore|Any CPU.Build.0 = Debug|Any CPU
		{935F6DCA-1FD5-423E-9304-39B8845D9CFC}.AppStore|iPhone.ActiveCfg = Debug|Any CPU
		{935F6DCA-1FD5-423E-9304-39B8845D9CFC}.AppStore|iPhone.Build.0 = Debug|Any CPU
		{935F6DCA-1FD5-423E-9304-39B8845D9CFC}.AppStore|iPhoneSimulator.ActiveCfg = Debug|Any CPU
		{935F6DCA-1FD5-423E-9304-39B8845D9CFC}.AppStore|iPhoneSimulator.Build.0 = Debug|Any CPU
		{935F6DCA-1FD5-423E-9304-39B8845D9CFC}.Debug|Any CPU.ActiveCfg = Debug|Any CPU
		{935F6DCA-1FD5-423E-9304-39B8845D9CFC}.Debug|Any CPU.Build.0 = Debug|Any CPU
		{935F6DCA-1FD5-423E-9304-39B8845D9CFC}.Debug|iPhone.ActiveCfg = Debug|Any CPU
		{935F6DCA-1FD5-423E-9304-39B8845D9CFC}.Debug|iPhone.Build.0 = Debug|Any CPU
		{935F6DCA-1FD5-423E-9304-39B8845D9CFC}.Debug|iPhoneSimulator.ActiveCfg = Debug|Any CPU
		{935F6DCA-1FD5-423E-9304-39B8845D9CFC}.Debug|iPhoneSimulator.Build.0 = Debug|Any CPU
		{935F6DCA-1FD5-423E-9304-39B8845D9CFC}.Release|Any CPU.ActiveCfg = Release|Any CPU
		{935F6DCA-1FD5-423E-9304-39B8845D9CFC}.Release|Any CPU.Build.0 = Release|Any CPU
		{935F6DCA-1FD5-423E-9304-39B8845D9CFC}.Release|iPhone.ActiveCfg = Release|Any CPU
		{935F6DCA-1FD5-423E-9304-39B8845D9CFC}.Release|iPhone.Build.0 = Release|Any CPU
		{935F6DCA-1FD5-423E-9304-39B8845D9CFC}.Release|iPhoneSimulator.ActiveCfg = Release|Any CPU
		{935F6DCA-1FD5-423E-9304-39B8845D9CFC}.Release|iPhoneSimulator.Build.0 = Release|Any CPU
	EndGlobalSection
	GlobalSection(SolutionProperties) = preSolution
		HideSolutionNode = FALSE
	EndGlobalSection
	GlobalSection(ExtensibilityGlobals) = postSolution
		SolutionGuid = {47237F4A-C055-4D4E-9B34-530561CA029C}
	EndGlobalSection
EndGlobal
